
Microsoft Visual Studio Solution File, Format Version 12.00
# Visual Studio Version 17
VisualStudioVersion = 17.0.31903.59
MinimumVisualStudioVersion = 17.0.31903.59
Project("{9A19103F-16F7-4668-BE54-9A1E7A4F7556}") = "OAuthAzureHelper", "OAuthAzureHelper\OAuthAzureHelper.csproj", "{9C2F54F2-FA59-467E-9B25-2C1DB5D4F446}"
EndProject
Project("{9A19103F-16F7-4668-BE54-9A1E7A4F7556}") = "EwsOAuthWpfApp", "EwsOAuthWpfApp\EwsOAuthWpfApp.csproj", "{53BCCDCE-EF88-46ED-9539-576EDA43F022}"
EndProject
Project("{9A19103F-16F7-4668-BE54-9A1E7A4F7556}") = "ImapOAuthWpfApp", "ImapOAuthWpfApp\ImapOAuthWpfApp.csproj", "{53D18E84-18AF-40EC-A22D-8B4CF9339643}"
EndProject
Project("{9A19103F-16F7-4668-BE54-9A1E7A4F7556}") = "GraphOAuthWpfApp", "GraphOAuthWpfApp\GraphOAuthWpfApp.csproj", "{9BC50DC3-7B20-40B6-BAD7-7505F3734FE4}"
EndProject
Global
	GlobalSection(SolutionConfigurationPlatforms) = preSolution
		Debug|Any CPU = Debug|Any CPU
		Release|Any CPU = Release|Any CPU
	EndGlobalSection
	GlobalSection(ProjectConfigurationPlatforms) = postSolution
		{9C2F54F2-FA59-467E-9B25-2C1DB5D4F446}.Debug|Any CPU.ActiveCfg = Debug|Any CPU
		{9C2F54F2-FA59-467E-9B25-2C1DB5D4F446}.Debug|Any CPU.Build.0 = Debug|Any CPU
		{9C2F54F2-FA59-467E-9B25-2C1DB5D4F446}.Release|Any CPU.ActiveCfg = Release|Any CPU
		{9C2F54F2-FA59-467E-9B25-2C1DB5D4F446}.Release|Any CPU.Build.0 = Release|Any CPU
		{53BCCDCE-EF88-46ED-9539-576EDA43F022}.Debug|Any CPU.ActiveCfg = Debug|Any CPU
		{53BCCDCE-EF88-46ED-9539-576EDA43F022}.Debug|Any CPU.Build.0 = Debug|Any CPU
		{53BCCDCE-EF88-46ED-9539-576EDA43F022}.Release|Any CPU.ActiveCfg = Release|Any CPU
		{53BCCDCE-EF88-46ED-9539-576EDA43F022}.Release|Any CPU.Build.0 = Release|Any CPU
		{53D18E84-18AF-40EC-A22D-8B4CF9339643}.Debug|Any CPU.ActiveCfg = Debug|Any CPU
		{53D18E84-18AF-40EC-A22D-8B4CF9339643}.Debug|Any CPU.Build.0 = Debug|Any CPU
		{53D18E84-18AF-40EC-A22D-8B4CF9339643}.Release|Any CPU.ActiveCfg = Release|Any CPU
		{53D18E84-18AF-40EC-A22D-8B4CF9339643}.Release|Any CPU.Build.0 = Release|Any CPU
		{9BC50DC3-7B20-40B6-BAD7-7505F3734FE4}.Debug|Any CPU.ActiveCfg = Debug|Any CPU
		{9BC50DC3-7B20-40B6-BAD7-7505F3734FE4}.Debug|Any CPU.Build.0 = Debug|Any CPU
		{9BC50DC3-7B20-40B6-BAD7-7505F3734FE4}.Release|Any CPU.ActiveCfg = Release|Any CPU
		{9BC50DC3-7B20-40B6-BAD7-7505F3734FE4}.Release|Any CPU.Build.0 = Release|Any CPU
	EndGlobalSection
	GlobalSection(SolutionProperties) = preSolution
		HideSolutionNode = FALSE
	EndGlobalSection
	GlobalSection(ExtensibilityGlobals) = postSolution
		SolutionGuid = {11C73A12-DF6A-42E8-B7FA-42629A5E1338}
	EndGlobalSection
EndGlobal
